
Microsoft Visual Studio Solution File, Format Version 12.00
# Visual Studio Version 17
VisualStudioVersion = 17.2.32519.379
MinimumVisualStudioVersion = 10.0.40219.1
Project("{FAE04EC0-301F-11D3-BF4B-00C04F79EFBC}") = "ClpParser", "ClpParser.csproj", "{16BE1B43-51D5-4CD2-890B-97008C95D837}"
EndProject
Global
	GlobalSection(SolutionConfigurationPlatforms) = preSolution
		Debug|Any CPU = Debug|Any CPU
		Release|Any CPU = Release|Any CPU
	EndGlobalSection
	GlobalSection(ProjectConfigurationPlatforms) = postSolution
		{16BE1B43-51D5-4CD2-890B-97008C95D837}.Debug|Any CPU.ActiveCfg = Debug|Any CPU
		{16BE1B43-51D5-4CD2-890B-97008C95D837}.Debug|Any CPU.Build.0 = Debug|Any CPU
		{16BE1B43-51D5-4CD2-890B-97008C95D837}.Release|Any CPU.ActiveCfg = Release|Any CPU
		{16BE1B43-51D5-4CD2-890B-97008C95D837}.Release|Any CPU.Build.0 = Release|Any CPU
	EndGlobalSection
	GlobalSection(SolutionProperties) = preSolution
		HideSolutionNode = FALSE
	EndGlobalSection
	GlobalSection(ExtensibilityGlobals) = postSolution
		SolutionGuid = {56024831-18CA-465B-8C74-1C6F1CAD236E}
	EndGlobalSection
EndGlobal
